{
  "name": "ncsv",
  "version": "1.0.7",
  "lockfileVersion": 1,
  "requires": true,
  "dependencies": {
    "bean-parser": {
      "version": "1.0.9",
      "resolved": "https://registry.npmjs.org/bean-parser/-/bean-parser-1.0.9.tgz",
      "integrity": "sha512-P0wp67Sb7+72zJ2yDNhvnTK/ro010jDLR6586mHPH4zeFRn2tp10++vbBm866QLLclSUGKJjSthv7zsY7VmK0A=="
    },
    "flat": {
      "version": "5.0.1",
      "resolved": "https://registry.npmjs.org/flat/-/flat-5.0.1.tgz",
      "integrity": "sha512-DUYDWLlMhV9qvhjbgmhDQ3ZycXmoOKzrj4KN0+5BEat5SqTlXcXzxNgwiSN1UQHA5Z0BsgYYPelhQHVhpfqaVA=="
    },
    "minimist": {
      "version": "1.2.0",
      "resolved": "https://registry.npmjs.org/minimist/-/minimist-1.2.0.tgz",
      "integrity": "sha1-o1AIsg9BOD7sH7kU9M1d95omQoQ="
    }
  }
}
